{
  "name": "web-api",
  "version": "0.1.0",
  "lockfileVersion": 3,
  "packages": {
    "": {
      "name": "web-api",
      "version": "0.1.0",
      "dependencies": {
        "@vercel/kv": "^1.0.1",
        "bcryptjs": "^2.4.3",
        "jsonwebtoken": "^9.0.2",
        "nodemailer": "^6.9.13"
      },
      "devDependencies": {
        "c8": "^8.0.1"
      }
    }
  }
}
